// !$*UTF8*$!
{
	archiveVersion = 1;
	classes = {
	};
	objectVersion = 50;
	objects = {

/* Begin PBXBuildFile section */
		9BC2F51822D90CDF009837DB /* AppDelegate.swift in Sources */ = {isa = PBXBuildFile; fileRef = 9BC2F51722D90CDF009837DB /* AppDelegate.swift */; };
		9BC2F51A22D90CDF009837DB /* ViewController.swift in Sources */ = {isa = PBXBuildFile; fileRef = 9BC2F51922D90CDF009837DB /* ViewController.swift */; };
		9BC2F51D22D90CDF009837DB /* Main.storyboard in Resources */ = {isa = PBXBuildFile; fileRef = 9BC2F51B22D90CDF009837DB /* Main.storyboard */; };
		9BC2F51F22D90CE0009837DB /* Assets.xcassets in Resources */ = {isa = PBXBuildFile; fileRef = 9BC2F51E22D90CE0009837DB /* Assets.xcassets */; };
		9BC2F52222D90CE0009837DB /* LaunchScreen.storyboard in Resources */ = {isa = PBXBuildFile; fileRef = 9BC2F52022D90CE0009837DB /* LaunchScreen.storyboard */; };
		9BC2F52D22D90CE0009837DB /* C0754449_MidTerm_MAD3115S2019Tests.swift in Sources */ = {isa = PBXBuildFile; fileRef = 9BC2F52C22D90CE0009837DB /* C0754449_MidTerm_MAD3115S2019Tests.swift */; };
		9BC2F53822D90CE0009837DB /* C0754449_MidTerm_MAD3115S2019UITests.swift in Sources */ = {isa = PBXBuildFile; fileRef = 9BC2F53722D90CE0009837DB /* C0754449_MidTerm_MAD3115S2019UITests.swift */; };
		9BC2F54722D91178009837DB /* user.swift in Sources */ = {isa = PBXBuildFile; fileRef = 9BC2F54622D91178009837DB /* user.swift */; };
		9BC2F54922D911A3009837DB /* bill.swift in Sources */ = {isa = PBXBuildFile; fileRef = 9BC2F54822D911A3009837DB /* bill.swift */; };
		9BC2F54B22D911AD009837DB /* hydro.swift in Sources */ = {isa = PBXBuildFile; fileRef = 9BC2F54A22D911AD009837DB /* hydro.swift */; };
		9BC2F54D22D911B8009837DB /* internet.swift in Sources */ = {isa = PBXBuildFile; fileRef = 9BC2F54C22D911B8009837DB /* internet.swift */; };
		9BC2F54F22D911C1009837DB /* mobile.swift in Sources */ = {isa = PBXBuildFile; fileRef = 9BC2F54E22D911C1009837DB /* mobile.swift */; };
		9BC2F55122D911CD009837DB /* customer.swift in Sources */ = {isa = PBXBuildFile; fileRef = 9BC2F55022D911CD009837DB /* customer.swift */; };
		9BC2F55522D91DFA009837DB /* billlistTableViewController.swift in Sources */ = {isa = PBXBuildFile; fileRef = 9BC2F55422D91DFA009837DB /* billlistTableViewController.swift */; };
		9BC2F55722D92D49009837DB /* Tom_and_Jerry_PNG_Clipart_Picture.png in Resources */ = {isa = PBXBuildFile; fileRef = 9BC2F55622D92D49009837DB /* Tom_and_Jerry_PNG_Clipart_Picture.png */; };
		9BC2F55922D93244009837DB /* customerlistViewController.swift in Sources */ = {isa = PBXBuildFile; fileRef = 9BC2F55822D93244009837DB /* customerlistViewController.swift */; };
		9BC2F55D22D938AF009837DB /* main user.plist in Resources */ = {isa = PBXBuildFile; fileRef = 9BC2F55C22D938AF009837DB /* main user.plist */; };
/* End PBXBuildFile section */

/* Begin PBXContainerItemProxy section */
		9BC2F52922D90CE0009837DB /* PBXContainerItemProxy */ = {
			isa = PBXContainerItemProxy;
			containerPortal = 9BC2F50C22D90CDF009837DB /* Project object */;
			proxyType = 1;
			remoteGlobalIDString = 9BC2F51322D90CDF009837DB;
			remoteInfo = C0754449_MidTerm_MAD3115S2019;
		};
		9BC2F53422D90CE0009837DB /* PBXContainerItemProxy */ = {
			isa = PBXContainerItemProxy;
			containerPortal = 9BC2F50C22D90CDF009837DB /* Project object */;
			proxyType = 1;
			remoteGlobalIDString = 9BC2F51322D90CDF009837DB;
			remoteInfo = C0754449_MidTerm_MAD3115S2019;
		};
/* End PBXContainerItemProxy section */

/* Begin PBXFileReference section */
		9BC2F51422D90CDF009837DB /* C0754449_MidTerm_MAD3115S2019.app */ = {isa = PBXFileReference; explicitFileType = wrapper.application; includeInIndex = 0; path = C0754449_MidTerm_MAD3115S2019.app; sourceTree = BUILT_PRODUCTS_DIR; };
		9BC2F51722D90CDF009837DB /* AppDelegate.swift */ = {isa = PBXFileReference; lastKnownFileType = sourcecode.swift; path = AppDelegate.swift; sourceTree = "<group>"; };
		9BC2F51922D90CDF009837DB /* ViewController.swift */ = {isa = PBXFileReference; lastKnownFileType = sourcecode.swift; path = ViewController.swift; sourceTree = "<group>"; };
		9BC2F51C22D90CDF009837DB /* Base */ = {isa = PBXFileReference; lastKnownFileType = file.storyboard; name = Base; path = Base.lproj/Main.storyboard; sourceTree = "<group>"; };
		9BC2F51E22D90CE0009837DB /* Assets.xcassets */ = {isa = PBXFileReference; lastKnownFileType = folder.assetcatalog; path = Assets.xcassets; sourceTree = "<group>"; };
		9BC2F52122D90CE0009837DB /* Base */ = {isa = PBXFileReference; lastKnownFileType = file.storyboard; name = Base; path = Base.lproj/LaunchScreen.storyboard; sourceTree = "<group>"; };
		9BC2F52322D90CE0009837DB /* Info.plist */ = {isa = PBXFileReference; lastKnownFileType = text.plist.xml; path = Info.plist; sourceTree = "<group>"; };
		9BC2F52822D90CE0009837DB /* C0754449_MidTerm_MAD3115S2019Tests.xctest */ = {isa = PBXFileReference; explicitFileType = wrapper.cfbundle; includeInIndex = 0; path = C0754449_MidTerm_MAD3115S2019Tests.xctest; sourceTree = BUILT_PRODUCTS_DIR; };
		9BC2F52C22D90CE0009837DB /* C0754449_MidTerm_MAD3115S2019Tests.swift */ = {isa = PBXFileReference; lastKnownFileType = sourcecode.swift; path = C0754449_MidTerm_MAD3115S2019Tests.swift; sourceTree = "<group>"; };
		9BC2F52E22D90CE0009837DB /* Info.plist */ = {isa = PBXFileReference; lastKnownFileType = text.plist.xml; path = Info.plist; sourceTree = "<group>"; };
		9BC2F53322D90CE0009837DB /* C0754449_MidTerm_MAD3115S2019UITests.xctest */ = {isa = PBXFileReference; explicitFileType = wrapper.cfbundle; includeInIndex = 0; path = C0754449_MidTerm_MAD3115S2019UITests.xctest; sourceTree = BUILT_PRODUCTS_DIR; };
		9BC2F53722D90CE0009837DB /* C0754449_MidTerm_MAD3115S2019UITests.swift */ = {isa = PBXFileReference; lastKnownFileType = sourcecode.swift; path = C0754449_MidTerm_MAD3115S2019UITests.swift; sourceTree = "<group>"; };
		9BC2F53922D90CE0009837DB /* Info.plist */ = {isa = PBXFileReference; lastKnownFileType = text.plist.xml; path = Info.plist; sourceTree = "<group>"; };
		9BC2F54622D91178009837DB /* user.swift */ = {isa = PBXFileReference; lastKnownFileType = sourcecode.swift; path = user.swift; sourceTree = "<group>"; };
		9BC2F54822D911A3009837DB /* bill.swift */ = {isa = PBXFileReference; lastKnownFileType = sourcecode.swift; path = bill.swift; sourceTree = "<group>"; };
		9BC2F54A22D911AD009837DB /* hydro.swift */ = {isa = PBXFileReference; lastKnownFileType = sourcecode.swift; path = hydro.swift; sourceTree = "<group>"; };
		9BC2F54C22D911B8009837DB /* internet.swift */ = {isa = PBXFileReference; lastKnownFileType = sourcecode.swift; path = internet.swift; sourceTree = "<group>"; };
		9BC2F54E22D911C1009837DB /* mobile.swift */ = {isa = PBXFileReference; lastKnownFileType = sourcecode.swift; path = mobile.swift; sourceTree = "<group>"; };
		9BC2F55022D911CD009837DB /* customer.swift */ = {isa = PBXFileReference; lastKnownFileType = sourcecode.swift; path = customer.swift; sourceTree = "<group>"; };
		9BC2F55422D91DFA009837DB /* billlistTableViewController.swift */ = {isa = PBXFileReference; lastKnownFileType = sourcecode.swift; name = billlistTableViewController.swift; path = ../../../billlistTableViewController.swift; sourceTree = "<group>"; };
		9BC2F55622D92D49009837DB /* Tom_and_Jerry_PNG_Clipart_Picture.png */ = {isa = PBXFileReference; lastKnownFileType = image.png; name = Tom_and_Jerry_PNG_Clipart_Picture.png; path = ../../../../Downloads/Tom_and_Jerry_PNG_Clipart_Picture.png; sourceTree = "<group>"; };
		9BC2F55822D93244009837DB /* customerlistViewController.swift */ = {isa = PBXFileReference; lastKnownFileType = sourcecode.swift; path = customerlistViewController.swift; sourceTree = "<group>"; };
		9BC2F55C22D938AF009837DB /* main user.plist */ = {isa = PBXFileReference; lastKnownFileType = text.plist.xml; path = "main user.plist"; sourceTree = "<group>"; };
/* End PBXFileReference section */

/* Begin PBXFrameworksBuildPhase section */
		9BC2F51122D90CDF009837DB /* Frameworks */ = {
			isa = PBXFrameworksBuildPhase;
			buildActionMask = 2147483647;
			files = (
			);
			runOnlyForDeploymentPostprocessing = 0;
		};
		9BC2F52522D90CE0009837DB /* Frameworks */ = {
			isa = PBXFrameworksBuildPhase;
			buildActionMask = 2147483647;
			files = (
			);
			runOnlyForDeploymentPostprocessing = 0;
		};
		9BC2F53022D90CE0009837DB /* Frameworks */ = {
			isa = PBXFrameworksBuildPhase;
			buildActionMask = 2147483647;
			files = (
			);
			runOnlyForDeploymentPostprocessing = 0;
		};
/* End PBXFrameworksBuildPhase section */

/* Begin PBXGroup section */
		9BC2F50B22D90CDF009837DB = {
			isa = PBXGroup;
			children = (
				9BC2F51622D90CDF009837DB /* C0754449_MidTerm_MAD3115S2019 */,
				9BC2F52B22D90CE0009837DB /* C0754449_MidTerm_MAD3115S2019Tests */,
				9BC2F53622D90CE0009837DB /* C0754449_MidTerm_MAD3115S2019UITests */,
				9BC2F51522D90CDF009837DB /* Products */,
			);
			sourceTree = "<group>";
		};
		9BC2F51522D90CDF009837DB /* Products */ = {
			isa = PBXGroup;
			children = (
				9BC2F51422D90CDF009837DB /* C0754449_MidTerm_MAD3115S2019.app */,
				9BC2F52822D90CE0009837DB /* C0754449_MidTerm_MAD3115S2019Tests.xctest */,
				9BC2F53322D90CE0009837DB /* C0754449_MidTerm_MAD3115S2019UITests.xctest */,
			);
			name = Products;
			sourceTree = "<group>";
		};
		9BC2F51622D90CDF009837DB /* C0754449_MidTerm_MAD3115S2019 */ = {
			isa = PBXGroup;
			children = (
				9BC2F54522D91124009837DB /* swift classes */,
				9BC2F51722D90CDF009837DB /* AppDelegate.swift */,
				9BC2F55622D92D49009837DB /* Tom_and_Jerry_PNG_Clipart_Picture.png */,
				9BC2F51922D90CDF009837DB /* ViewController.swift */,
				9BC2F51B22D90CDF009837DB /* Main.storyboard */,
				9BC2F51E22D90CE0009837DB /* Assets.xcassets */,
				9BC2F52022D90CE0009837DB /* LaunchScreen.storyboard */,
				9BC2F52322D90CE0009837DB /* Info.plist */,
				9BC2F55422D91DFA009837DB /* billlistTableViewController.swift */,
				9BC2F55822D93244009837DB /* customerlistViewController.swift */,
				9BC2F55C22D938AF009837DB /* main user.plist */,
			);
			path = C0754449_MidTerm_MAD3115S2019;
			sourceTree = "<group>";
		};
		9BC2F52B22D90CE0009837DB /* C0754449_MidTerm_MAD3115S2019Tests */ = {
			isa = PBXGroup;
			children = (
				9BC2F52C22D90CE0009837DB /* C0754449_MidTerm_MAD3115S2019Tests.swift */,
				9BC2F52E22D90CE0009837DB /* Info.plist */,
			);
			path = C0754449_MidTerm_MAD3115S2019Tests;
			sourceTree = "<group>";
		};
		9BC2F53622D90CE0009837DB /* C0754449_MidTerm_MAD3115S2019UITests */ = {
			isa = PBXGroup;
			children = (
				9BC2F53722D90CE0009837DB /* C0754449_MidTerm_MAD3115S2019UITests.swift */,
				9BC2F53922D90CE0009837DB /* Info.plist */,
			);
			path = C0754449_MidTerm_MAD3115S2019UITests;
			sourceTree = "<group>";
		};
		9BC2F54522D91124009837DB /* swift classes */ = {
			isa = PBXGroup;
			children = (
				9BC2F54622D91178009837DB /* user.swift */,
				9BC2F54822D911A3009837DB /* bill.swift */,
				9BC2F54A22D911AD009837DB /* hydro.swift */,
				9BC2F54C22D911B8009837DB /* internet.swift */,
				9BC2F54E22D911C1009837DB /* mobile.swift */,
				9BC2F55022D911CD009837DB /* customer.swift */,
			);
			path = "swift classes";
			sourceTree = "<group>";
		};
/* End PBXGroup section */

/* Begin PBXNativeTarget section */
		9BC2F51322D90CDF009837DB /* C0754449_MidTerm_MAD3115S2019 */ = {
			isa = PBXNativeTarget;
			buildConfigurationList = 9BC2F53C22D90CE0009837DB /* Build configuration list for PBXNativeTarget "C0754449_MidTerm_MAD3115S2019" */;
			buildPhases = (
				9BC2F51022D90CDF009837DB /* Sources */,
				9BC2F51122D90CDF009837DB /* Frameworks */,
				9BC2F51222D90CDF009837DB /* Resources */,
			);
			buildRules = (
			);
			dependencies = (
			);
			name = C0754449_MidTerm_MAD3115S2019;
			productName = C0754449_MidTerm_MAD3115S2019;
			productReference = 9BC2F51422D90CDF009837DB /* C0754449_MidTerm_MAD3115S2019.app */;
			productType = "com.apple.product-type.application";
		};
		9BC2F52722D90CE0009837DB /* C0754449_MidTerm_MAD3115S2019Tests */ = {
			isa = PBXNativeTarget;
			buildConfigurationList = 9BC2F53F22D90CE0009837DB /* Build configuration list for PBXNativeTarget "C0754449_MidTerm_MAD3115S2019Tests" */;
			buildPhases = (
				9BC2F52422D90CE0009837DB /* Sources */,
				9BC2F52522D90CE0009837DB /* Frameworks */,
				9BC2F52622D90CE0009837DB /* Resources */,
			);
			buildRules = (
			);
			dependencies = (
				9BC2F52A22D90CE0009837DB /* PBXTargetDependency */,
			);
			name = C0754449_MidTerm_MAD3115S2019Tests;
			productName = C0754449_MidTerm_MAD3115S2019Tests;
			productReference = 9BC2F52822D90CE0009837DB /* C0754449_MidTerm_MAD3115S2019Tests.xctest */;
			productType = "com.apple.product-type.bundle.unit-test";
		};
		9BC2F53222D90CE0009837DB /* C0754449_MidTerm_MAD3115S2019UITests */ = {
			isa = PBXNativeTarget;
			buildConfigurationList = 9BC2F54222D90CE0009837DB /* Build configuration list for PBXNativeTarget "C0754449_MidTerm_MAD3115S2019UITests" */;
			buildPhases = (
				9BC2F52F22D90CE0009837DB /* Sources */,
				9BC2F53022D90CE0009837DB /* Frameworks */,
				9BC2F53122D90CE0009837DB /* Resources */,
			);
			buildRules = (
			);
			dependencies = (
				9BC2F53522D90CE0009837DB /* PBXTargetDependency */,
			);
			name = C0754449_MidTerm_MAD3115S2019UITests;
			productName = C0754449_MidTerm_MAD3115S2019UITests;
			productReference = 9BC2F53322D90CE0009837DB /* C0754449_MidTerm_MAD3115S2019UITests.xctest */;
			productType = "com.apple.product-type.bundle.ui-testing";
		};
/* End PBXNativeTarget section */

/* Begin PBXProject section */
		9BC2F50C22D90CDF009837DB /* Project object */ = {
			isa = PBXProject;
			attributes = {
				LastSwiftUpdateCheck = 1020;
				LastUpgradeCheck = 1020;
				ORGANIZATIONNAME = MacStudent;
				TargetAttributes = {
					9BC2F51322D90CDF009837DB = {
						CreatedOnToolsVersion = 10.2.1;
					};
					9BC2F52722D90CE0009837DB = {
						CreatedOnToolsVersion = 10.2.1;
						TestTargetID = 9BC2F51322D90CDF009837DB;
					};
					9BC2F53222D90CE0009837DB = {
						CreatedOnToolsVersion = 10.2.1;
						TestTargetID = 9BC2F51322D90CDF009837DB;
					};
				};
			};
			buildConfigurationList = 9BC2F50F22D90CDF009837DB /* Build configuration list for PBXProject "C0754449_MidTerm_MAD3115S2019" */;
			compatibilityVersion = "Xcode 9.3";
			developmentRegion = en;
			hasScannedForEncodings = 0;
			knownRegions = (
				en,
				Base,
			);
			mainGroup = 9BC2F50B22D90CDF009837DB;
			productRefGroup = 9BC2F51522D90CDF009837DB /* Products */;
			projectDirPath = "";
			projectRoot = "";
			targets = (
				9BC2F51322D90CDF009837DB /* C0754449_MidTerm_MAD3115S2019 */,
				9BC2F52722D90CE0009837DB /* C0754449_MidTerm_MAD3115S2019Tests */,
				9BC2F53222D90CE0009837DB /* C0754449_MidTerm_MAD3115S2019UITests */,
			);
		};
/* End PBXProject section */

/* Begin PBXResourcesBuildPhase section */
		9BC2F51222D90CDF009837DB /* Resources */ = {
			isa = PBXResourcesBuildPhase;
			buildActionMask = 2147483647;
			files = (
				9BC2F52222D90CE0009837DB /* LaunchScreen.storyboard in Resources */,
				9BC2F51F22D90CE0009837DB /* Assets.xcassets in Resources */,
				9BC2F55D22D938AF009837DB /* main user.plist in Resources */,
				9BC2F55722D92D49009837DB /* Tom_and_Jerry_PNG_Clipart_Picture.png in Resources */,
				9BC2F51D22D90CDF009837DB /* Main.storyboard in Resources */,
			);
			runOnlyForDeploymentPostprocessing = 0;
		};
		9BC2F52622D90CE0009837DB /* Resources */ = {
			isa = PBXResourcesBuildPhase;
			buildActionMask = 2147483647;
			files = (
			);
			runOnlyForDeploymentPostprocessing = 0;
		};
		9BC2F53122D90CE0009837DB /* Resources */ = {
			isa = PBXResourcesBuildPhase;
			buildActionMask = 2147483647;
			files = (
			);
			runOnlyForDeploymentPostprocessing = 0;
		};
/* End PBXResourcesBuildPhase section */

/* Begin PBXSourcesBuildPhase section */
		9BC2F51022D90CDF009837DB /* Sources */ = {
			isa = PBXSourcesBuildPhase;
			buildActionMask = 2147483647;
			files = (
				9BC2F54922D911A3009837DB /* bill.swift in Sources */,
				9BC2F51A22D90CDF009837DB /* ViewController.swift in Sources */,
				9BC2F54D22D911B8009837DB /* internet.swift in Sources */,
				9BC2F55522D91DFA009837DB /* billlistTableViewController.swift in Sources */,
				9BC2F55122D911CD009837DB /* customer.swift in Sources */,
				9BC2F51822D90CDF009837DB /* AppDelegate.swift in Sources */,
				9BC2F55922D93244009837DB /* customerlistViewController.swift in Sources */,
				9BC2F54F22D911C1009837DB /* mobile.swift in Sources */,
				9BC2F54722D91178009837DB /* user.swift in Sources */,
				9BC2F54B22D911AD009837DB /* hydro.swift in Sources */,
			);
			runOnlyForDeploymentPostprocessing = 0;
		};
		9BC2F52422D90CE0009837DB /* Sources */ = {
			isa = PBXSourcesBuildPhase;
			buildActionMask = 2147483647;
			files = (
				9BC2F52D22D90CE0009837DB /* C0754449_MidTerm_MAD3115S2019Tests.swift in Sources */,
			);
			runOnlyForDeploymentPostprocessing = 0;
		};
		9BC2F52F22D90CE0009837DB /* Sources */ = {
			isa = PBXSourcesBuildPhase;
			buildActionMask = 2147483647;
			files = (
				9BC2F53822D90CE0009837DB /* C0754449_MidTerm_MAD3115S2019UITests.swift in Sources */,
			);
			runOnlyForDeploymentPostprocessing = 0;
		};
/* End PBXSourcesBuildPhase section */

/* Begin PBXTargetDependency section */
		9BC2F52A22D90CE0009837DB /* PBXTargetDependency */ = {
			isa = PBXTargetDependency;
			target = 9BC2F51322D90CDF009837DB /* C0754449_MidTerm_MAD3115S2019 */;
			targetProxy = 9BC2F52922D90CE0009837DB /* PBXContainerItemProxy */;
		};
		9BC2F53522D90CE0009837DB /* PBXTargetDependency */ = {
			isa = PBXTargetDependency;
			target = 9BC2F51322D90CDF009837DB /* C0754449_MidTerm_MAD3115S2019 */;
			targetProxy = 9BC2F53422D90CE0009837DB /* PBXContainerItemProxy */;
		};
/* End PBXTargetDependency section */

/* Begin PBXVariantGroup section */
		9BC2F51B22D90CDF009837DB /* Main.storyboard */ = {
			isa = PBXVariantGroup;
			children = (
				9BC2F51C22D90CDF009837DB /* Base */,
			);
			name = Main.storyboard;
			sourceTree = "<group>";
		};
		9BC2F52022D90CE0009837DB /* LaunchScreen.storyboard */ = {
			isa = PBXVariantGroup;
			children = (
				9BC2F52122D90CE0009837DB /* Base */,
			);
			name = LaunchScreen.storyboard;
			sourceTree = "<group>";
		};
/* End PBXVariantGroup section */

/* Begin XCBuildConfiguration section */
		9BC2F53A22D90CE0009837DB /* Debug */ = {
			isa = XCBuildConfiguration;
			buildSettings = {
				ALWAYS_SEARCH_USER_PATHS = NO;
				CLANG_ANALYZER_NONNULL = YES;
				CLANG_ANALYZER_NUMBER_OBJECT_CONVERSION = YES_AGGRESSIVE;
				CLANG_CXX_LANGUAGE_STANDARD = "gnu++14";
				CLANG_CXX_LIBRARY = "libc++";
				CLANG_ENABLE_MODULES = YES;
				CLANG_ENABLE_OBJC_ARC = YES;
				CLANG_ENABLE_OBJC_WEAK = YES;
				CLANG_WARN_BLOCK_CAPTURE_AUTORELEASING = YES;
				CLANG_WARN_BOOL_CONVERSION = YES;
				CLANG_WARN_COMMA = YES;
				CLANG_WARN_CONSTANT_CONVERSION = YES;
				CLANG_WARN_DEPRECATED_OBJC_IMPLEMENTATIONS = YES;
				CLANG_WARN_DIRECT_OBJC_ISA_USAGE = YES_ERROR;
				CLANG_WARN_DOCUMENTATION_COMMENTS = YES;
				CLANG_WARN_EMPTY_BODY = YES;
				CLANG_WARN_ENUM_CONVERSION = YES;
				CLANG_WARN_INFINITE_RECURSION = YES;
				CLANG_WARN_INT_CONVERSION = YES;
				CLANG_WARN_NON_LITERAL_NULL_CONVERSION = YES;
				CLANG_WARN_OBJC_IMPLICIT_RETAIN_SELF = YES;
				CLANG_WARN_OBJC_LITERAL_CONVERSION = YES;
				CLANG_WARN_OBJC_ROOT_CLASS = YES_ERROR;
				CLANG_WARN_RANGE_LOOP_ANALYSIS = YES;
				CLANG_WARN_STRICT_PROTOTYPES = YES;
				CLANG_WARN_SUSPICIOUS_MOVE = YES;
				CLANG_WARN_UNGUARDED_AVAILABILITY = YES_AGGRESSIVE;
				CLANG_WARN_UNREACHABLE_CODE = YES;
				CLANG_WARN__DUPLICATE_METHOD_MATCH = YES;
				CODE_SIGN_IDENTITY = "iPhone Developer";
				COPY_PHASE_STRIP = NO;
				DEBUG_INFORMATION_FORMAT = dwarf;
				ENABLE_STRICT_OBJC_MSGSEND = YES;
				ENABLE_TESTABILITY = YES;
				GCC_C_LANGUAGE_STANDARD = gnu11;
				GCC_DYNAMIC_NO_PIC = NO;
				GCC_NO_COMMON_BLOCKS = YES;
				GCC_OPTIMIZATION_LEVEL = 0;
				GCC_PREPROCESSOR_DEFINITIONS = (
					"DEBUG=1",
					"$(inherited)",
				);
				GCC_WARN_64_TO_32_BIT_CONVERSION = YES;
				GCC_WARN_ABOUT_RETURN_TYPE = YES_ERROR;
				GCC_WARN_UNDECLARED_SELECTOR = YES;
				GCC_WARN_UNINITIALIZED_AUTOS = YES_AGGRESSIVE;
				GCC_WARN_UNUSED_FUNCTION = YES;
				GCC_WARN_UNUSED_VARIABLE = YES;
				IPHONEOS_DEPLOYMENT_TARGET = 12.2;
				MTL_ENABLE_DEBUG_INFO = INCLUDE_SOURCE;
				MTL_FAST_MATH = YES;
				ONLY_ACTIVE_ARCH = YES;
				SDKROOT = iphoneos;
				SWIFT_ACTIVE_COMPILATION_CONDITIONS = DEBUG;
				SWIFT_OPTIMIZATION_LEVEL = "-Onone";
			};
			name = Debug;
		};
		9BC2F53B22D90CE0009837DB /* Release */ = {
			isa = XCBuildConfiguration;
			buildSettings = {
				ALWAYS_SEARCH_USER_PATHS = NO;
				CLANG_ANALYZER_NONNULL = YES;
				CLANG_ANALYZER_NUMBER_OBJECT_CONVERSION = YES_AGGRESSIVE;
				CLANG_CXX_LANGUAGE_STANDARD = "gnu++14";
				CLANG_CXX_LIBRARY = "libc++";
				CLANG_ENABLE_MODULES = YES;
				CLANG_ENABLE_OBJC_ARC = YES;
				CLANG_ENABLE_OBJC_WEAK = YES;
				CLANG_WARN_BLOCK_CAPTURE_AUTORELEASING = YES;
				CLANG_WARN_BOOL_CONVERSION = YES;
				CLANG_WARN_COMMA = YES;
				CLANG_WARN_CONSTANT_CONVERSION = YES;
				CLANG_WARN_DEPRECATED_OBJC_IMPLEMENTATIONS = YES;
				CLANG_WARN_DIRECT_OBJC_ISA_USAGE = YES_ERROR;
				CLANG_WARN_DOCUMENTATION_COMMENTS = YES;
				CLANG_WARN_EMPTY_BODY = YES;
				CLANG_WARN_ENUM_CONVERSION = YES;
				CLANG_WARN_INFINITE_RECURSION = YES;
				CLANG_WARN_INT_CONVERSION = YES;
				CLANG_WARN_NON_LITERAL_NULL_CONVERSION = YES;
				CLANG_WARN_OBJC_IMPLICIT_RETAIN_SELF = YES;
				CLANG_WARN_OBJC_LITERAL_CONVERSION = YES;
				CLANG_WARN_OBJC_ROOT_CLASS = YES_ERROR;
				CLANG_WARN_RANGE_LOOP_ANALYSIS = YES;
				CLANG_WARN_STRICT_PROTOTYPES = YES;
				CLANG_WARN_SUSPICIOUS_MOVE = YES;
				CLANG_WARN_UNGUARDED_AVAILABILITY = YES_AGGRESSIVE;
				CLANG_WARN_UNREACHABLE_CODE = YES;
				CLANG_WARN__DUPLICATE_METHOD_MATCH = YES;
				CODE_SIGN_IDENTITY = "iPhone Developer";
				COPY_PHASE_STRIP = NO;
				DEBUG_INFORMATION_FORMAT = "dwarf-with-dsym";
				ENABLE_NS_ASSERTIONS = NO;
				ENABLE_STRICT_OBJC_MSGSEND = YES;
				GCC_C_LANGUAGE_STANDARD = gnu11;
				GCC_NO_COMMON_BLOCKS = YES;
				GCC_WARN_64_TO_32_BIT_CONVERSION = YES;
				GCC_WARN_ABOUT_RETURN_TYPE = YES_ERROR;
				GCC_WARN_UNDECLARED_SELECTOR = YES;
				GCC_WARN_UNINITIALIZED_AUTOS = YES_AGGRESSIVE;
				GCC_WARN_UNUSED_FUNCTION = YES;
				GCC_WARN_UNUSED_VARIABLE = YES;
				IPHONEOS_DEPLOYMENT_TARGET = 12.2;
				MTL_ENABLE_DEBUG_INFO = NO;
				MTL_FAST_MATH = YES;
				SDKROOT = iphoneos;
				SWIFT_COMPILATION_MODE = wholemodule;
				SWIFT_OPTIMIZATION_LEVEL = "-O";
				VALIDATE_PRODUCT = YES;
			};
			name = Release;
		};
		9BC2F53D22D90CE0009837DB /* Debug */ = {
			isa = XCBuildConfiguration;
			buildSettings = {
				ASSETCATALOG_COMPILER_APPICON_NAME = AppIcon;
				CODE_SIGN_STYLE = Automatic;
				INFOPLIST_FILE = C0754449_MidTerm_MAD3115S2019/Info.plist;
				LD_RUNPATH_SEARCH_PATHS = (
					"$(inherited)",
					"@executable_path/Frameworks",
				);
				PRODUCT_BUNDLE_IDENTIFIER = "CestarCollege.C0754449-MidTerm-MAD3115S2019";
				PRODUCT_NAME = "$(TARGET_NAME)";
				SWIFT_VERSION = 5.0;
				TARGETED_DEVICE_FAMILY = "1,2";
			};
			name = Debug;
		};
		9BC2F53E22D90CE0009837DB /* Release */ = {
			isa = XCBuildConfiguration;
			buildSettings = {
				ASSETCATALOG_COMPILER_APPICON_NAME = AppIcon;
				CODE_SIGN_STYLE = Automatic;
				INFOPLIST_FILE = C0754449_MidTerm_MAD3115S2019/Info.plist;
				LD_RUNPATH_SEARCH_PATHS = (
					"$(inherited)",
					"@executable_path/Frameworks",
				);
				PRODUCT_BUNDLE_IDENTIFIER = "CestarCollege.C0754449-MidTerm-MAD3115S2019";
				PRODUCT_NAME = "$(TARGET_NAME)";
				SWIFT_VERSION = 5.0;
				TARGETED_DEVICE_FAMILY = "1,2";
			};
			name = Release;
		};
		9BC2F54022D90CE0009837DB /* Debug */ = {
			isa = XCBuildConfiguration;
			buildSettings = {
				ALWAYS_EMBED_SWIFT_STANDARD_LIBRARIES = YES;
				BUNDLE_LOADER = "$(TEST_HOST)";
				CODE_SIGN_STYLE = Automatic;
				INFOPLIST_FILE = C0754449_MidTerm_MAD3115S2019Tests/Info.plist;
				LD_RUNPATH_SEARCH_PATHS = (
					"$(inherited)",
					"@executable_path/Frameworks",
					"@loader_path/Frameworks",
				);
				PRODUCT_BUNDLE_IDENTIFIER = "CestarCollege.C0754449-MidTerm-MAD3115S2019Tests";
				PRODUCT_NAME = "$(TARGET_NAME)";
				SWIFT_VERSION = 5.0;
				TARGETED_DEVICE_FAMILY = "1,2";
				TEST_HOST = "$(BUILT_PRODUCTS_DIR)/C0754449_MidTerm_MAD3115S2019.app/C0754449_MidTerm_MAD3115S2019";
			};
			name = Debug;
		};
		9BC2F54122D90CE0009837DB /* Release */ = {
			isa = XCBuildConfiguration;
			buildSettings = {
				ALWAYS_EMBED_SWIFT_STANDARD_LIBRARIES = YES;
				BUNDLE_LOADER = "$(TEST_HOST)";
				CODE_SIGN_STYLE = Automatic;
				INFOPLIST_FILE = C0754449_MidTerm_MAD3115S2019Tests/Info.plist;
				LD_RUNPATH_SEARCH_PATHS = (
					"$(inherited)",
					"@executable_path/Frameworks",
					"@loader_path/Frameworks",
				);
				PRODUCT_BUNDLE_IDENTIFIER = "CestarCollege.C0754449-MidTerm-MAD3115S2019Tests";
				PRODUCT_NAME = "$(TARGET_NAME)";
				SWIFT_VERSION = 5.0;
				TARGETED_DEVICE_FAMILY = "1,2";
				TEST_HOST = "$(BUILT_PRODUCTS_DIR)/C0754449_MidTerm_MAD3115S2019.app/C0754449_MidTerm_MAD3115S2019";
			};
			name = Release;
		};
		9BC2F54322D90CE0009837DB /* Debug */ = {
			isa = XCBuildConfiguration;
			buildSettings = {
				ALWAYS_EMBED_SWIFT_STANDARD_LIBRARIES = YES;
				CODE_SIGN_STYLE = Automatic;
				INFOPLIST_FILE = C0754449_MidTerm_MAD3115S2019UITests/Info.plist;
				LD_RUNPATH_SEARCH_PATHS = (
					"$(inherited)",
					"@executable_path/Frameworks",
					"@loader_path/Frameworks",
				);
				PRODUCT_BUNDLE_IDENTIFIER = "CestarCollege.C0754449-MidTerm-MAD3115S2019UITests";
				PRODUCT_NAME = "$(TARGET_NAME)";
				SWIFT_VERSION = 5.0;
				TARGETED_DEVICE_FAMILY = "1,2";
				TEST_TARGET_NAME = C0754449_MidTerm_MAD3115S2019;
			};
			name = Debug;
		};
		9BC2F54422D90CE0009837DB /* Release */ = {
			isa = XCBuildConfiguration;
			buildSettings = {
				ALWAYS_EMBED_SWIFT_STANDARD_LIBRARIES = YES;
				CODE_SIGN_STYLE = Automatic;
				INFOPLIST_FILE = C0754449_MidTerm_MAD3115S2019UITests/Info.plist;
				LD_RUNPATH_SEARCH_PATHS = (
					"$(inherited)",
					"@executable_path/Frameworks",
					"@loader_path/Frameworks",
				);
				PRODUCT_BUNDLE_IDENTIFIER = "CestarCollege.C0754449-MidTerm-MAD3115S2019UITests";
				PRODUCT_NAME = "$(TARGET_NAME)";
				SWIFT_VERSION = 5.0;
				TARGETED_DEVICE_FAMILY = "1,2";
				TEST_TARGET_NAME = C0754449_MidTerm_MAD3115S2019;
			};
			name = Release;
		};
/* End XCBuildConfiguration section */

/* Begin XCConfigurationList section */
		9BC2F50F22D90CDF009837DB /* Build configuration list for PBXProject "C0754449_MidTerm_MAD3115S2019" */ = {
			isa = XCConfigurationList;
			buildConfigurations = (
				9BC2F53A22D90CE0009837DB /* Debug */,
				9BC2F53B22D90CE0009837DB /* Release */,
			);
			defaultConfigurationIsVisible = 0;
			defaultConfigurationName = Release;
		};
		9BC2F53C22D90CE0009837DB /* Build configuration list for PBXNativeTarget "C0754449_MidTerm_MAD3115S2019" */ = {
			isa = XCConfigurationList;
			buildConfigurations = (
				9BC2F53D22D90CE0009837DB /* Debug */,
				9BC2F53E22D90CE0009837DB /* Release */,
			);
			defaultConfigurationIsVisible = 0;
			defaultConfigurationName = Release;
		};
		9BC2F53F22D90CE0009837DB /* Build configuration list for PBXNativeTarget "C0754449_MidTerm_MAD3115S2019Tests" */ = {
			isa = XCConfigurationList;
			buildConfigurations = (
				9BC2F54022D90CE0009837DB /* Debug */,
				9BC2F54122D90CE0009837DB /* Release */,
			);
			defaultConfigurationIsVisible = 0;
			defaultConfigurationName = Release;
		};
		9BC2F54222D90CE0009837DB /* Build configuration list for PBXNativeTarget "C0754449_MidTerm_MAD3115S2019UITests" */ = {
			isa = XCConfigurationList;
			buildConfigurations = (
				9BC2F54322D90CE0009837DB /* Debug */,
				9BC2F54422D90CE0009837DB /* Release */,
			);
			defaultConfigurationIsVisible = 0;
			defaultConfigurationName = Release;
		};
/* End XCConfigurationList section */
	};
	rootObject = 9BC2F50C22D90CDF009837DB /* Project object */;
}
